
Microsoft Visual Studio Solution File, Format Version 12.00
# Visual Studio Version 16
VisualStudioVersion = 16.0.30907.101
MinimumVisualStudioVersion = 10.0.40219.1
Project("{FAE04EC0-301F-11D3-BF4B-00C04F79EFBC}") = "Day of the week", "Switch-case conditions\Day of the week.csproj", "{5720D379-2983-405F-90CE-E640BC10269A}"
EndProject
Project("{FAE04EC0-301F-11D3-BF4B-00C04F79EFBC}") = "Animal type", "Animal type\Animal type.csproj", "{CEB078D2-C9C6-4435-9E86-65BA9405C88D}"
EndProject
Project("{FAE04EC0-301F-11D3-BF4B-00C04F79EFBC}") = "Cinema", "Cinema\Cinema.csproj", "{947185CC-2B43-4DA8-8536-9FF53E368FA9}"
EndProject
Project("{FAE04EC0-301F-11D3-BF4B-00C04F79EFBC}") = "Volleyball", "Volleyball\Volleyball.csproj", "{DF85045E-9E46-465F-BE19-00DDBA7E81F4}"
EndProject
Project("{FAE04EC0-301F-11D3-BF4B-00C04F79EFBC}") = "Point in the figure", "Point in the figure\Point in the figure.csproj", "{92FD505D-1F8E-4712-B533-89417B4FC6A9}"
EndProject
Global
	GlobalSection(SolutionConfigurationPlatforms) = preSolution
		Debug|Any CPU = Debug|Any CPU
		Release|Any CPU = Release|Any CPU
	EndGlobalSection
	GlobalSection(ProjectConfigurationPlatforms) = postSolution
		{5720D379-2983-405F-90CE-E640BC10269A}.Debug|Any CPU.ActiveCfg = Debug|Any CPU
		{5720D379-2983-405F-90CE-E640BC10269A}.Debug|Any CPU.Build.0 = Debug|Any CPU
		{5720D379-2983-405F-90CE-E640BC10269A}.Release|Any CPU.ActiveCfg = Release|Any CPU
		{5720D379-2983-405F-90CE-E640BC10269A}.Release|Any CPU.Build.0 = Release|Any CPU
		{CEB078D2-C9C6-4435-9E86-65BA9405C88D}.Debug|Any CPU.ActiveCfg = Debug|Any CPU
		{CEB078D2-C9C6-4435-9E86-65BA9405C88D}.Debug|Any CPU.Build.0 = Debug|Any CPU
		{CEB078D2-C9C6-4435-9E86-65BA9405C88D}.Release|Any CPU.ActiveCfg = Release|Any CPU
		{CEB078D2-C9C6-4435-9E86-65BA9405C88D}.Release|Any CPU.Build.0 = Release|Any CPU
		{947185CC-2B43-4DA8-8536-9FF53E368FA9}.Debug|Any CPU.ActiveCfg = Debug|Any CPU
		{947185CC-2B43-4DA8-8536-9FF53E368FA9}.Debug|Any CPU.Build.0 = Debug|Any CPU
		{947185CC-2B43-4DA8-8536-9FF53E368FA9}.Release|Any CPU.ActiveCfg = Release|Any CPU
		{947185CC-2B43-4DA8-8536-9FF53E368FA9}.Release|Any CPU.Build.0 = Release|Any CPU
		{DF85045E-9E46-465F-BE19-00DDBA7E81F4}.Debug|Any CPU.ActiveCfg = Debug|Any CPU
		{DF85045E-9E46-465F-BE19-00DDBA7E81F4}.Debug|Any CPU.Build.0 = Debug|Any CPU
		{DF85045E-9E46-465F-BE19-00DDBA7E81F4}.Release|Any CPU.ActiveCfg = Release|Any CPU
		{DF85045E-9E46-465F-BE19-00DDBA7E81F4}.Release|Any CPU.Build.0 = Release|Any CPU
		{92FD505D-1F8E-4712-B533-89417B4FC6A9}.Debug|Any CPU.ActiveCfg = Debug|Any CPU
		{92FD505D-1F8E-4712-B533-89417B4FC6A9}.Debug|Any CPU.Build.0 = Debug|Any CPU
		{92FD505D-1F8E-4712-B533-89417B4FC6A9}.Release|Any CPU.ActiveCfg = Release|Any CPU
		{92FD505D-1F8E-4712-B533-89417B4FC6A9}.Release|Any CPU.Build.0 = Release|Any CPU
	EndGlobalSection
	GlobalSection(SolutionProperties) = preSolution
		HideSolutionNode = FALSE
	EndGlobalSection
	GlobalSection(ExtensibilityGlobals) = postSolution
		SolutionGuid = {340BEF7F-47C6-46CC-8D60-3B1C57F449C1}
	EndGlobalSection
EndGlobal
