
Microsoft Visual Studio Solution File, Format Version 12.00
# Visual Studio Version 16
VisualStudioVersion = 16.0.30907.101
MinimumVisualStudioVersion = 10.0.40219.1
Project("{FAE04EC0-301F-11D3-BF4B-00C04F79EFBC}") = "Equal Sums Even Odd Position", "Equal Sums Even Odd Position\Equal Sums Even Odd Position.csproj", "{F69A9962-89CA-49FE-82AC-E60E94852FFE}"
EndProject
Project("{FAE04EC0-301F-11D3-BF4B-00C04F79EFBC}") = "Sum Prime Non Prime", "Sum Prime Non Prime\Sum Prime Non Prime.csproj", "{6ADBE7CF-C1B6-4160-9693-288376CCDA2B}"
EndProject
Project("{FAE04EC0-301F-11D3-BF4B-00C04F79EFBC}") = "Train The Trainers", "Train The Trainers\Train The Trainers.csproj", "{C9640FC2-2F66-4A13-86AC-EE38AE6B3CD9}"
EndProject
Project("{FAE04EC0-301F-11D3-BF4B-00C04F79EFBC}") = "Password Generator", "Password Generator\Password Generator.csproj", "{F8217188-A1EC-4EEA-A0AA-DC505C194104}"
EndProject
Project("{FAE04EC0-301F-11D3-BF4B-00C04F79EFBC}") = "Special Numbers", "Special Numbers\Special Numbers.csproj", "{ACE6E6A7-5BCB-4655-A847-8485B9645E86}"
EndProject
Global
	GlobalSection(SolutionConfigurationPlatforms) = preSolution
		Debug|Any CPU = Debug|Any CPU
		Release|Any CPU = Release|Any CPU
	EndGlobalSection
	GlobalSection(ProjectConfigurationPlatforms) = postSolution
		{F69A9962-89CA-49FE-82AC-E60E94852FFE}.Debug|Any CPU.ActiveCfg = Debug|Any CPU
		{F69A9962-89CA-49FE-82AC-E60E94852FFE}.Debug|Any CPU.Build.0 = Debug|Any CPU
		{F69A9962-89CA-49FE-82AC-E60E94852FFE}.Release|Any CPU.ActiveCfg = Release|Any CPU
		{F69A9962-89CA-49FE-82AC-E60E94852FFE}.Release|Any CPU.Build.0 = Release|Any CPU
		{6ADBE7CF-C1B6-4160-9693-288376CCDA2B}.Debug|Any CPU.ActiveCfg = Debug|Any CPU
		{6ADBE7CF-C1B6-4160-9693-288376CCDA2B}.Debug|Any CPU.Build.0 = Debug|Any CPU
		{6ADBE7CF-C1B6-4160-9693-288376CCDA2B}.Release|Any CPU.ActiveCfg = Release|Any CPU
		{6ADBE7CF-C1B6-4160-9693-288376CCDA2B}.Release|Any CPU.Build.0 = Release|Any CPU
		{C9640FC2-2F66-4A13-86AC-EE38AE6B3CD9}.Debug|Any CPU.ActiveCfg = Debug|Any CPU
		{C9640FC2-2F66-4A13-86AC-EE38AE6B3CD9}.Debug|Any CPU.Build.0 = Debug|Any CPU
		{C9640FC2-2F66-4A13-86AC-EE38AE6B3CD9}.Release|Any CPU.ActiveCfg = Release|Any CPU
		{C9640FC2-2F66-4A13-86AC-EE38AE6B3CD9}.Release|Any CPU.Build.0 = Release|Any CPU
		{F8217188-A1EC-4EEA-A0AA-DC505C194104}.Debug|Any CPU.ActiveCfg = Debug|Any CPU
		{F8217188-A1EC-4EEA-A0AA-DC505C194104}.Debug|Any CPU.Build.0 = Debug|Any CPU
		{F8217188-A1EC-4EEA-A0AA-DC505C194104}.Release|Any CPU.ActiveCfg = Release|Any CPU
		{F8217188-A1EC-4EEA-A0AA-DC505C194104}.Release|Any CPU.Build.0 = Release|Any CPU
		{ACE6E6A7-5BCB-4655-A847-8485B9645E86}.Debug|Any CPU.ActiveCfg = Debug|Any CPU
		{ACE6E6A7-5BCB-4655-A847-8485B9645E86}.Debug|Any CPU.Build.0 = Debug|Any CPU
		{ACE6E6A7-5BCB-4655-A847-8485B9645E86}.Release|Any CPU.ActiveCfg = Release|Any CPU
		{ACE6E6A7-5BCB-4655-A847-8485B9645E86}.Release|Any CPU.Build.0 = Release|Any CPU
	EndGlobalSection
	GlobalSection(SolutionProperties) = preSolution
		HideSolutionNode = FALSE
	EndGlobalSection
	GlobalSection(ExtensibilityGlobals) = postSolution
		SolutionGuid = {83E48567-3823-429A-8E58-EE8955F33111}
	EndGlobalSection
EndGlobal
