
Microsoft Visual Studio Solution File, Format Version 12.00
# Visual Studio Version 16
VisualStudioVersion = 16.0.30907.101
MinimumVisualStudioVersion = 10.0.40219.1
Project("{9A19103F-16F7-4668-BE54-9A1E7A4F7556}") = "If statements", "If statements\If statements.csproj", "{39923F16-CBA3-4466-9128-77E103F26669}"
EndProject
Project("{9A19103F-16F7-4668-BE54-9A1E7A4F7556}") = "Greater number", "Greater number\Greater number.csproj", "{473B8890-8695-4476-B176-2E4D82893D20}"
EndProject
Project("{9A19103F-16F7-4668-BE54-9A1E7A4F7556}") = "Numbers  1 to 9", "Numbers  1 to 9\Numbers  1 to 9.csproj", "{C6A1AA9A-87FD-4799-97CC-6D88FEACB648}"
EndProject
Project("{9A19103F-16F7-4668-BE54-9A1E7A4F7556}") = "Bonus score", "Bonus score\Bonus score.csproj", "{08068DB0-F247-4CEE-BAF9-7DC9EBA1FFE9}"
EndProject
Project("{9A19103F-16F7-4668-BE54-9A1E7A4F7556}") = "Metric converter", "Metric converter\Metric converter.csproj", "{CDF79798-BB10-46A6-8F06-C221A955C4D9}"
EndProject
Project("{9A19103F-16F7-4668-BE54-9A1E7A4F7556}") = "Password guess", "Password guess\Password guess.csproj", "{55D1C96F-0B88-4D86-8E02-74AD10BD1BD4}"
EndProject
Project("{9A19103F-16F7-4668-BE54-9A1E7A4F7556}") = "Numbers 100   to  200", "Numbers 100   to  200\Numbers 100   to  200.csproj", "{F7BD6E9A-CBE9-4723-AB27-C84F92F86A07}"
EndProject
Project("{9A19103F-16F7-4668-BE54-9A1E7A4F7556}") = "Equal words", "Equal words\Equal words.csproj", "{2E918E04-A536-4C2D-80F2-C984EB8DF8A2}"
EndProject
Project("{9A19103F-16F7-4668-BE54-9A1E7A4F7556}") = "Speed info", "Speed info\Speed info.csproj", "{C48A874E-4987-409E-96E9-217358AFD46D}"
EndProject
Project("{9A19103F-16F7-4668-BE54-9A1E7A4F7556}") = "Area of figures", "Area of figures\Area of figures.csproj", "{F299F9B1-6BDA-4B9F-B00A-6C12DAAE14FD}"
EndProject
Project("{9A19103F-16F7-4668-BE54-9A1E7A4F7556}") = "Time + 15 minutes", "Time + 15 minutes\Time + 15 minutes.csproj", "{1C17E166-EBC9-4577-BFB1-20ECDB47AEB5}"
EndProject
Project("{9A19103F-16F7-4668-BE54-9A1E7A4F7556}") = "3 equal numbers", "3 equal numbers\3 equal numbers.csproj", "{5644AD51-BC4C-4B18-93B6-C390738FEAF1}"
EndProject
Project("{9A19103F-16F7-4668-BE54-9A1E7A4F7556}") = "Numbers 1 too 100 TEXT", "Numbers 1 too 100 TEXT\Numbers 1 too 100 TEXT.csproj", "{A1B56A2C-093E-4ADF-8B1A-435C9D90CD8E}"
EndProject
Project("{FAE04EC0-301F-11D3-BF4B-00C04F79EFBC}") = "Sum the seconds", "Sum the seconds\Sum the seconds.csproj", "{3436EC98-E351-4B35-8399-14E39D8ECC37}"
EndProject
Global
	GlobalSection(SolutionConfigurationPlatforms) = preSolution
		Debug|Any CPU = Debug|Any CPU
		Release|Any CPU = Release|Any CPU
	EndGlobalSection
	GlobalSection(ProjectConfigurationPlatforms) = postSolution
		{39923F16-CBA3-4466-9128-77E103F26669}.Debug|Any CPU.ActiveCfg = Debug|Any CPU
		{39923F16-CBA3-4466-9128-77E103F26669}.Debug|Any CPU.Build.0 = Debug|Any CPU
		{39923F16-CBA3-4466-9128-77E103F26669}.Release|Any CPU.ActiveCfg = Release|Any CPU
		{39923F16-CBA3-4466-9128-77E103F26669}.Release|Any CPU.Build.0 = Release|Any CPU
		{473B8890-8695-4476-B176-2E4D82893D20}.Debug|Any CPU.ActiveCfg = Debug|Any CPU
		{473B8890-8695-4476-B176-2E4D82893D20}.Debug|Any CPU.Build.0 = Debug|Any CPU
		{473B8890-8695-4476-B176-2E4D82893D20}.Release|Any CPU.ActiveCfg = Release|Any CPU
		{473B8890-8695-4476-B176-2E4D82893D20}.Release|Any CPU.Build.0 = Release|Any CPU
		{C6A1AA9A-87FD-4799-97CC-6D88FEACB648}.Debug|Any CPU.ActiveCfg = Debug|Any CPU
		{C6A1AA9A-87FD-4799-97CC-6D88FEACB648}.Debug|Any CPU.Build.0 = Debug|Any CPU
		{C6A1AA9A-87FD-4799-97CC-6D88FEACB648}.Release|Any CPU.ActiveCfg = Release|Any CPU
		{C6A1AA9A-87FD-4799-97CC-6D88FEACB648}.Release|Any CPU.Build.0 = Release|Any CPU
		{08068DB0-F247-4CEE-BAF9-7DC9EBA1FFE9}.Debug|Any CPU.ActiveCfg = Debug|Any CPU
		{08068DB0-F247-4CEE-BAF9-7DC9EBA1FFE9}.Debug|Any CPU.Build.0 = Debug|Any CPU
		{08068DB0-F247-4CEE-BAF9-7DC9EBA1FFE9}.Release|Any CPU.ActiveCfg = Release|Any CPU
		{08068DB0-F247-4CEE-BAF9-7DC9EBA1FFE9}.Release|Any CPU.Build.0 = Release|Any CPU
		{CDF79798-BB10-46A6-8F06-C221A955C4D9}.Debug|Any CPU.ActiveCfg = Debug|Any CPU
		{CDF79798-BB10-46A6-8F06-C221A955C4D9}.Debug|Any CPU.Build.0 = Debug|Any CPU
		{CDF79798-BB10-46A6-8F06-C221A955C4D9}.Release|Any CPU.ActiveCfg = Release|Any CPU
		{CDF79798-BB10-46A6-8F06-C221A955C4D9}.Release|Any CPU.Build.0 = Release|Any CPU
		{55D1C96F-0B88-4D86-8E02-74AD10BD1BD4}.Debug|Any CPU.ActiveCfg = Debug|Any CPU
		{55D1C96F-0B88-4D86-8E02-74AD10BD1BD4}.Debug|Any CPU.Build.0 = Debug|Any CPU
		{55D1C96F-0B88-4D86-8E02-74AD10BD1BD4}.Release|Any CPU.ActiveCfg = Release|Any CPU
		{55D1C96F-0B88-4D86-8E02-74AD10BD1BD4}.Release|Any CPU.Build.0 = Release|Any CPU
		{F7BD6E9A-CBE9-4723-AB27-C84F92F86A07}.Debug|Any CPU.ActiveCfg = Debug|Any CPU
		{F7BD6E9A-CBE9-4723-AB27-C84F92F86A07}.Debug|Any CPU.Build.0 = Debug|Any CPU
		{F7BD6E9A-CBE9-4723-AB27-C84F92F86A07}.Release|Any CPU.ActiveCfg = Release|Any CPU
		{F7BD6E9A-CBE9-4723-AB27-C84F92F86A07}.Release|Any CPU.Build.0 = Release|Any CPU
		{2E918E04-A536-4C2D-80F2-C984EB8DF8A2}.Debug|Any CPU.ActiveCfg = Debug|Any CPU
		{2E918E04-A536-4C2D-80F2-C984EB8DF8A2}.Debug|Any CPU.Build.0 = Debug|Any CPU
		{2E918E04-A536-4C2D-80F2-C984EB8DF8A2}.Release|Any CPU.ActiveCfg = Release|Any CPU
		{2E918E04-A536-4C2D-80F2-C984EB8DF8A2}.Release|Any CPU.Build.0 = Release|Any CPU
		{C48A874E-4987-409E-96E9-217358AFD46D}.Debug|Any CPU.ActiveCfg = Debug|Any CPU
		{C48A874E-4987-409E-96E9-217358AFD46D}.Debug|Any CPU.Build.0 = Debug|Any CPU
		{C48A874E-4987-409E-96E9-217358AFD46D}.Release|Any CPU.ActiveCfg = Release|Any CPU
		{C48A874E-4987-409E-96E9-217358AFD46D}.Release|Any CPU.Build.0 = Release|Any CPU
		{F299F9B1-6BDA-4B9F-B00A-6C12DAAE14FD}.Debug|Any CPU.ActiveCfg = Debug|Any CPU
		{F299F9B1-6BDA-4B9F-B00A-6C12DAAE14FD}.Debug|Any CPU.Build.0 = Debug|Any CPU
		{F299F9B1-6BDA-4B9F-B00A-6C12DAAE14FD}.Release|Any CPU.ActiveCfg = Release|Any CPU
		{F299F9B1-6BDA-4B9F-B00A-6C12DAAE14FD}.Release|Any CPU.Build.0 = Release|Any CPU
		{1C17E166-EBC9-4577-BFB1-20ECDB47AEB5}.Debug|Any CPU.ActiveCfg = Debug|Any CPU
		{1C17E166-EBC9-4577-BFB1-20ECDB47AEB5}.Debug|Any CPU.Build.0 = Debug|Any CPU
		{1C17E166-EBC9-4577-BFB1-20ECDB47AEB5}.Release|Any CPU.ActiveCfg = Release|Any CPU
		{1C17E166-EBC9-4577-BFB1-20ECDB47AEB5}.Release|Any CPU.Build.0 = Release|Any CPU
		{5644AD51-BC4C-4B18-93B6-C390738FEAF1}.Debug|Any CPU.ActiveCfg = Debug|Any CPU
		{5644AD51-BC4C-4B18-93B6-C390738FEAF1}.Debug|Any CPU.Build.0 = Debug|Any CPU
		{5644AD51-BC4C-4B18-93B6-C390738FEAF1}.Release|Any CPU.ActiveCfg = Release|Any CPU
		{5644AD51-BC4C-4B18-93B6-C390738FEAF1}.Release|Any CPU.Build.0 = Release|Any CPU
		{A1B56A2C-093E-4ADF-8B1A-435C9D90CD8E}.Debug|Any CPU.ActiveCfg = Debug|Any CPU
		{A1B56A2C-093E-4ADF-8B1A-435C9D90CD8E}.Debug|Any CPU.Build.0 = Debug|Any CPU
		{A1B56A2C-093E-4ADF-8B1A-435C9D90CD8E}.Release|Any CPU.ActiveCfg = Release|Any CPU
		{A1B56A2C-093E-4ADF-8B1A-435C9D90CD8E}.Release|Any CPU.Build.0 = Release|Any CPU
		{3436EC98-E351-4B35-8399-14E39D8ECC37}.Debug|Any CPU.ActiveCfg = Debug|Any CPU
		{3436EC98-E351-4B35-8399-14E39D8ECC37}.Debug|Any CPU.Build.0 = Debug|Any CPU
		{3436EC98-E351-4B35-8399-14E39D8ECC37}.Release|Any CPU.ActiveCfg = Release|Any CPU
		{3436EC98-E351-4B35-8399-14E39D8ECC37}.Release|Any CPU.Build.0 = Release|Any CPU
	EndGlobalSection
	GlobalSection(SolutionProperties) = preSolution
		HideSolutionNode = FALSE
	EndGlobalSection
	GlobalSection(ExtensibilityGlobals) = postSolution
		SolutionGuid = {5F30A808-EDEE-4599-B805-9F1F60017F7A}
	EndGlobalSection
EndGlobal
